
Microsoft Visual Studio Solution File, Format Version 12.00
# Visual Studio 15
VisualStudioVersion = 15.0.28307.102
MinimumVisualStudioVersion = 10.0.40219.1
Project("{8BC9CEB8-8B4A-11D0-8D11-00A0C91BC942}") = "echo_websocket_server", "echo_websocket_server\echo_websocket_server.vcxproj", "{CEEA13D3-0610-433D-BD6D-DB81D1B42989}"
EndProject
Global
	GlobalSection(SolutionConfigurationPlatforms) = preSolution
		Debug|x64 = Debug|x64
		Debug|x86 = Debug|x86
		Release|x64 = Release|x64
		Release|x86 = Release|x86
	EndGlobalSection
	GlobalSection(ProjectConfigurationPlatforms) = postSolution
		{CEEA13D3-0610-433D-BD6D-DB81D1B42989}.Debug|x64.ActiveCfg = Debug|x64
		{CEEA13D3-0610-433D-BD6D-DB81D1B42989}.Debug|x64.Build.0 = Debug|x64
		{CEEA13D3-0610-433D-BD6D-DB81D1B42989}.Debug|x86.ActiveCfg = Release|Win32
		{CEEA13D3-0610-433D-BD6D-DB81D1B42989}.Debug|x86.Build.0 = Release|Win32
		{CEEA13D3-0610-433D-BD6D-DB81D1B42989}.Release|x64.ActiveCfg = Release|x64
		{CEEA13D3-0610-433D-BD6D-DB81D1B42989}.Release|x64.Build.0 = Release|x64
		{CEEA13D3-0610-433D-BD6D-DB81D1B42989}.Release|x86.ActiveCfg = Release|Win32
		{CEEA13D3-0610-433D-BD6D-DB81D1B42989}.Release|x86.Build.0 = Release|Win32
	EndGlobalSection
	GlobalSection(SolutionProperties) = preSolution
		HideSolutionNode = FALSE
	EndGlobalSection
	GlobalSection(ExtensibilityGlobals) = postSolution
		SolutionGuid = {61D68E72-B86E-425D-8E8D-633EA3FDD2A2}
	EndGlobalSection
EndGlobal
